
Microsoft Visual Studio Solution File, Format Version 12.00
# Visual Studio Version 16
VisualStudioVersion = 16.0.30114.105
MinimumVisualStudioVersion = 10.0.40219.1
Project("{9A19103F-16F7-4668-BE54-9A1E7A4F7556}") = "DictionaryExercises", "DictionaryExercises.csproj", "{CE7CD307-4E54-4C52-BBB8-10240185267D}"
EndProject
Project("{FAE04EC0-301F-11D3-BF4B-00C04F79EFBC}") = "ConsoleApp1", "..\Studio\ConsoleApp1\ConsoleApp1.csproj", "{5F91A7FA-0F10-4033-BB68-76164A718192}"
EndProject
Global
	GlobalSection(SolutionConfigurationPlatforms) = preSolution
		Debug|Any CPU = Debug|Any CPU
		Release|Any CPU = Release|Any CPU
	EndGlobalSection
	GlobalSection(ProjectConfigurationPlatforms) = postSolution
		{CE7CD307-4E54-4C52-BBB8-10240185267D}.Debug|Any CPU.ActiveCfg = Debug|Any CPU
		{CE7CD307-4E54-4C52-BBB8-10240185267D}.Debug|Any CPU.Build.0 = Debug|Any CPU
		{CE7CD307-4E54-4C52-BBB8-10240185267D}.Release|Any CPU.ActiveCfg = Release|Any CPU
		{CE7CD307-4E54-4C52-BBB8-10240185267D}.Release|Any CPU.Build.0 = Release|Any CPU
		{5F91A7FA-0F10-4033-BB68-76164A718192}.Debug|Any CPU.ActiveCfg = Debug|Any CPU
		{5F91A7FA-0F10-4033-BB68-76164A718192}.Debug|Any CPU.Build.0 = Debug|Any CPU
		{5F91A7FA-0F10-4033-BB68-76164A718192}.Release|Any CPU.ActiveCfg = Release|Any CPU
		{5F91A7FA-0F10-4033-BB68-76164A718192}.Release|Any CPU.Build.0 = Release|Any CPU
	EndGlobalSection
	GlobalSection(SolutionProperties) = preSolution
		HideSolutionNode = FALSE
	EndGlobalSection
	GlobalSection(ExtensibilityGlobals) = postSolution
		SolutionGuid = {8E82FC67-7523-45A8-BD7B-064F19859672}
	EndGlobalSection
EndGlobal
