
Microsoft Visual Studio Solution File, Format Version 12.00
# Visual Studio Version 16
VisualStudioVersion = 16.0.30114.105
MinimumVisualStudioVersion = 10.0.40219.1
Project("{9A19103F-16F7-4668-BE54-9A1E7A4F7556}") = "ArrayExercises", "ArrayExercises.csproj", "{677777B3-C0DB-4A81-B3BF-055EB06F78C2}"
EndProject
Global
	GlobalSection(SolutionConfigurationPlatforms) = preSolution
		Debug|Any CPU = Debug|Any CPU
		Release|Any CPU = Release|Any CPU
	EndGlobalSection
	GlobalSection(ProjectConfigurationPlatforms) = postSolution
		{677777B3-C0DB-4A81-B3BF-055EB06F78C2}.Debug|Any CPU.ActiveCfg = Debug|Any CPU
		{677777B3-C0DB-4A81-B3BF-055EB06F78C2}.Debug|Any CPU.Build.0 = Debug|Any CPU
		{677777B3-C0DB-4A81-B3BF-055EB06F78C2}.Release|Any CPU.ActiveCfg = Release|Any CPU
		{677777B3-C0DB-4A81-B3BF-055EB06F78C2}.Release|Any CPU.Build.0 = Release|Any CPU
	EndGlobalSection
	GlobalSection(SolutionProperties) = preSolution
		HideSolutionNode = FALSE
	EndGlobalSection
	GlobalSection(ExtensibilityGlobals) = postSolution
		SolutionGuid = {4FA0C78B-47E3-4A8A-97B1-E73FDA6620D9}
	EndGlobalSection
EndGlobal
